# THIS IS AN AUTOGENERATED FILE. DO NOT EDIT THIS FILE DIRECTLY.
# yarn lockfile v1


"@types/aws-lambda@^8.10.92":
  version "8.10.131"
  resolved "https://registry.yarnpkg.com/@types/aws-lambda/-/aws-lambda-8.10.131.tgz#76fcd36e6a4a4666c7ea7503bf0e3e86c0a9cdb2"
  integrity sha512-IWmFpqnVDvskYWnNSiu/qlRn80XlIOU0Gy5rKCl/NjhnI95pV8qIHs6L5b+bpHhyzuOSzjLgBcwgFSXrC1nZWA==
