PODS:
  - "@react-native-mapbox-gl-mapbox-static (5.8.0)"
  - appcenter-analytics (3.0.3):
    - AppCenter/Analytics
    - AppCenterReactNativeShared
    - React
  - appcenter-core (3.0.3):
    - AppCenterReactNativeShared
    - React
  - appcenter-crashes (3.0.3):
    - AppCenter/Crashes
    - AppCenterReactNativeShared
    - React
  - AppCenter/Analytics (3.2.0):
    - AppCenter/Core
  - AppCenter/Core (3.2.0)
  - AppCenter/Crashes (3.2.0):
    - AppCenter/Core
  - AppCenterReactNativeShared (3.0.3):
    - AppCenter/Core (= 3.2.0)
  - boost-for-react-native (1.63.0)
  - CocoaAsyncSocket (7.6.4)
  - CocoaLibEvent (1.0.0)
  - DoubleConversion (1.1.6)
  - FBLazyVector (0.62.2)
  - FBReactNativeSpec (0.62.2):
    - Folly (= 2018.10.22.00)
    - RCTRequired (= 0.62.2)
    - RCTTypeSafety (= 0.62.2)
    - React-Core (= 0.62.2)
    - React-jsi (= 0.62.2)
    - ReactCommon/turbomodule/core (= 0.62.2)
  - Flipper (0.33.1):
    - Flipper-Folly (~> 2.1)
    - Flipper-RSocket (~> 1.0)
  - Flipper-DoubleConversion (1.1.7)
  - Flipper-Folly (2.2.0):
    - boost-for-react-native
    - CocoaLibEvent (~> 1.0)
    - Flipper-DoubleConversion
    - Flipper-Glog
    - OpenSSL-Universal (= 1.0.2.19)
  - Flipper-Glog (0.3.6)
  - Flipper-PeerTalk (0.0.4)
  - Flipper-RSocket (1.1.0):
    - Flipper-Folly (~> 2.2)
  - FlipperKit (0.33.1):
    - FlipperKit/Core (= 0.33.1)
  - FlipperKit/Core (0.33.1):
    - Flipper (~> 0.33.1)
    - FlipperKit/CppBridge
    - FlipperKit/FBCxxFollyDynamicConvert
    - FlipperKit/FBDefines
    - FlipperKit/FKPortForwarding
  - FlipperKit/CppBridge (0.33.1):
    - Flipper (~> 0.33.1)
  - FlipperKit/FBCxxFollyDynamicConvert (0.33.1):
    - Flipper-Folly (~> 2.1)
  - FlipperKit/FBDefines (0.33.1)
  - FlipperKit/FKPortForwarding (0.33.1):
    - CocoaAsyncSocket (~> 7.6)
    - Flipper-PeerTalk (~> 0.0.4)
  - FlipperKit/FlipperKitHighlightOverlay (0.33.1)
  - FlipperKit/FlipperKitLayoutPlugin (0.33.1):
    - FlipperKit/Core
    - FlipperKit/FlipperKitHighlightOverlay
    - FlipperKit/FlipperKitLayoutTextSearchable
    - YogaKit (~> 1.18)
  - FlipperKit/FlipperKitLayoutTextSearchable (0.33.1)
  - FlipperKit/FlipperKitNetworkPlugin (0.33.1):
    - FlipperKit/Core
  - FlipperKit/FlipperKitReactPlugin (0.33.1):
    - FlipperKit/Core
  - FlipperKit/FlipperKitUserDefaultsPlugin (0.33.1):
    - FlipperKit/Core
  - FlipperKit/SKIOSNetworkPlugin (0.33.1):
    - FlipperKit/Core
    - FlipperKit/FlipperKitNetworkPlugin
  - Folly (2018.10.22.00):
    - boost-for-react-native
    - DoubleConversion
    - Folly/Default (= 2018.10.22.00)
    - glog
  - Folly/Default (2018.10.22.00):
    - boost-for-react-native
    - DoubleConversion
    - glog
  - glog (0.3.5)
  - JKBigInteger2 (0.0.5)
  - Mapbox-iOS-SDK (5.9.0):
    - MapboxMobileEvents (= 0.10.2)
  - MapboxMobileEvents (0.10.2)
  - OpenSSL-Universal (1.0.2.19):
    - OpenSSL-Universal/Static (= 1.0.2.19)
  - OpenSSL-Universal/Static (1.0.2.19)
  - RCTRequired (0.62.2)
  - RCTTypeSafety (0.62.2):
    - FBLazyVector (= 0.62.2)
    - Folly (= 2018.10.22.00)
    - RCTRequired (= 0.62.2)
    - React-Core (= 0.62.2)
  - React (0.62.2):
    - React-Core (= 0.62.2)
    - React-Core/DevSupport (= 0.62.2)
    - React-Core/RCTWebSocket (= 0.62.2)
    - React-RCTActionSheet (= 0.62.2)
    - React-RCTAnimation (= 0.62.2)
    - React-RCTBlob (= 0.62.2)
    - React-RCTImage (= 0.62.2)
    - React-RCTLinking (= 0.62.2)
    - React-RCTNetwork (= 0.62.2)
    - React-RCTSettings (= 0.62.2)
    - React-RCTText (= 0.62.2)
    - React-RCTVibration (= 0.62.2)
  - React-Core (0.62.2):
    - Folly (= 2018.10.22.00)
    - glog
    - React-Core/Default (= 0.62.2)
    - React-cxxreact (= 0.62.2)
    - React-jsi (= 0.62.2)
    - React-jsiexecutor (= 0.62.2)
    - Yoga
  - React-Core/CoreModulesHeaders (0.62.2):
    - Folly (= 2018.10.22.00)
    - glog
    - React-Core/Default
    - React-cxxreact (= 0.62.2)
    - React-jsi (= 0.62.2)
    - React-jsiexecutor (= 0.62.2)
    - Yoga
  - React-Core/Default (0.62.2):
    - Folly (= 2018.10.22.00)
    - glog
    - React-cxxreact (= 0.62.2)
    - React-jsi (= 0.62.2)
    - React-jsiexecutor (= 0.62.2)
    - Yoga
  - React-Core/DevSupport (0.62.2):
    - Folly (= 2018.10.22.00)
    - glog
    - React-Core/Default (= 0.62.2)
    - React-Core/RCTWebSocket (= 0.62.2)
    - React-cxxreact (= 0.62.2)
    - React-jsi (= 0.62.2)
    - React-jsiexecutor (= 0.62.2)
    - React-jsinspector (= 0.62.2)
    - Yoga
  - React-Core/RCTActionSheetHeaders (0.62.2):
    - Folly (= 2018.10.22.00)
    - glog
    - React-Core/Default
    - React-cxxreact (= 0.62.2)
    - React-jsi (= 0.62.2)
    - React-jsiexecutor (= 0.62.2)
    - Yoga
  - React-Core/RCTAnimationHeaders (0.62.2):
    - Folly (= 2018.10.22.00)
    - glog
    - React-Core/Default
    - React-cxxreact (= 0.62.2)
    - React-jsi (= 0.62.2)
    - React-jsiexecutor (= 0.62.2)
    - Yoga
  - React-Core/RCTBlobHeaders (0.62.2):
    - Folly (= 2018.10.22.00)
    - glog
    - React-Core/Default
    - React-cxxreact (= 0.62.2)
    - React-jsi (= 0.62.2)
    - React-jsiexecutor (= 0.62.2)
    - Yoga
  - React-Core/RCTImageHeaders (0.62.2):
    - Folly (= 2018.10.22.00)
    - glog
    - React-Core/Default
    - React-cxxreact (= 0.62.2)
    - React-jsi (= 0.62.2)
    - React-jsiexecutor (= 0.62.2)
    - Yoga
  - React-Core/RCTLinkingHeaders (0.62.2):
    - Folly (= 2018.10.22.00)
    - glog
    - React-Core/Default
    - React-cxxreact (= 0.62.2)
    - React-jsi (= 0.62.2)
    - React-jsiexecutor (= 0.62.2)
    - Yoga
  - React-Core/RCTNetworkHeaders (0.62.2):
    - Folly (= 2018.10.22.00)
    - glog
    - React-Core/Default
    - React-cxxreact (= 0.62.2)
    - React-jsi (= 0.62.2)
    - React-jsiexecutor (= 0.62.2)
    - Yoga
  - React-Core/RCTSettingsHeaders (0.62.2):
    - Folly (= 2018.10.22.00)
    - glog
    - React-Core/Default
    - React-cxxreact (= 0.62.2)
    - React-jsi (= 0.62.2)
    - React-jsiexecutor (= 0.62.2)
    - Yoga
  - React-Core/RCTTextHeaders (0.62.2):
    - Folly (= 2018.10.22.00)
    - glog
    - React-Core/Default
    - React-cxxreact (= 0.62.2)
    - React-jsi (= 0.62.2)
    - React-jsiexecutor (= 0.62.2)
    - Yoga
  - React-Core/RCTVibrationHeaders (0.62.2):
    - Folly (= 2018.10.22.00)
    - glog
    - React-Core/Default
    - React-cxxreact (= 0.62.2)
    - React-jsi (= 0.62.2)
    - React-jsiexecutor (= 0.62.2)
    - Yoga
  - React-Core/RCTWebSocket (0.62.2):
    - Folly (= 2018.10.22.00)
    - glog
    - React-Core/Default (= 0.62.2)
    - React-cxxreact (= 0.62.2)
    - React-jsi (= 0.62.2)
    - React-jsiexecutor (= 0.62.2)
    - Yoga
  - React-CoreModules (0.62.2):
    - FBReactNativeSpec (= 0.62.2)
    - Folly (= 2018.10.22.00)
    - RCTTypeSafety (= 0.62.2)
    - React-Core/CoreModulesHeaders (= 0.62.2)
    - React-RCTImage (= 0.62.2)
    - ReactCommon/turbomodule/core (= 0.62.2)
  - React-cxxreact (0.62.2):
    - boost-for-react-native (= 1.63.0)
    - DoubleConversion
    - Folly (= 2018.10.22.00)
    - glog
    - React-jsinspector (= 0.62.2)
  - React-jsi (0.62.2):
    - boost-for-react-native (= 1.63.0)
    - DoubleConversion
    - Folly (= 2018.10.22.00)
    - glog
    - React-jsi/Default (= 0.62.2)
  - React-jsi/Default (0.62.2):
    - boost-for-react-native (= 1.63.0)
    - DoubleConversion
    - Folly (= 2018.10.22.00)
    - glog
  - React-jsiexecutor (0.62.2):
    - DoubleConversion
    - Folly (= 2018.10.22.00)
    - glog
    - React-cxxreact (= 0.62.2)
    - React-jsi (= 0.62.2)
  - React-jsinspector (0.62.2)
  - react-native-mapbox-gl (8.0.0):
    - "@react-native-mapbox-gl-mapbox-static (~> 5.7)"
    - Mapbox-iOS-SDK (~> 5.7)
    - React
    - react-native-mapbox-gl/DynamicLibrary (= 8.0.0)
    - react-native-mapbox-gl/StaticLibraryFixer (= 8.0.0)
  - react-native-mapbox-gl/DynamicLibrary (8.0.0):
    - "@react-native-mapbox-gl-mapbox-static (~> 5.7)"
    - Mapbox-iOS-SDK (~> 5.7)
    - React
  - react-native-mapbox-gl/StaticLibraryFixer (8.0.0):
    - "@react-native-mapbox-gl-mapbox-static (~> 5.7)"
    - Mapbox-iOS-SDK (~> 5.7)
    - React
  - react-native-netinfo (5.9.2):
    - React
  - react-native-safe-area-context (3.0.3):
    - React
  - React-RCTActionSheet (0.62.2):
    - React-Core/RCTActionSheetHeaders (= 0.62.2)
  - React-RCTAnimation (0.62.2):
    - FBReactNativeSpec (= 0.62.2)
    - Folly (= 2018.10.22.00)
    - RCTTypeSafety (= 0.62.2)
    - React-Core/RCTAnimationHeaders (= 0.62.2)
    - ReactCommon/turbomodule/core (= 0.62.2)
  - React-RCTBlob (0.62.2):
    - FBReactNativeSpec (= 0.62.2)
    - Folly (= 2018.10.22.00)
    - React-Core/RCTBlobHeaders (= 0.62.2)
    - React-Core/RCTWebSocket (= 0.62.2)
    - React-jsi (= 0.62.2)
    - React-RCTNetwork (= 0.62.2)
    - ReactCommon/turbomodule/core (= 0.62.2)
  - React-RCTImage (0.62.2):
    - FBReactNativeSpec (= 0.62.2)
    - Folly (= 2018.10.22.00)
    - RCTTypeSafety (= 0.62.2)
    - React-Core/RCTImageHeaders (= 0.62.2)
    - React-RCTNetwork (= 0.62.2)
    - ReactCommon/turbomodule/core (= 0.62.2)
  - React-RCTLinking (0.62.2):
    - FBReactNativeSpec (= 0.62.2)
    - React-Core/RCTLinkingHeaders (= 0.62.2)
    - ReactCommon/turbomodule/core (= 0.62.2)
  - React-RCTNetwork (0.62.2):
    - FBReactNativeSpec (= 0.62.2)
    - Folly (= 2018.10.22.00)
    - RCTTypeSafety (= 0.62.2)
    - React-Core/RCTNetworkHeaders (= 0.62.2)
    - ReactCommon/turbomodule/core (= 0.62.2)
  - React-RCTSettings (0.62.2):
    - FBReactNativeSpec (= 0.62.2)
    - Folly (= 2018.10.22.00)
    - RCTTypeSafety (= 0.62.2)
    - React-Core/RCTSettingsHeaders (= 0.62.2)
    - ReactCommon/turbomodule/core (= 0.62.2)
  - React-RCTText (0.62.2):
    - React-Core/RCTTextHeaders (= 0.62.2)
  - React-RCTVibration (0.62.2):
    - FBReactNativeSpec (= 0.62.2)
    - Folly (= 2018.10.22.00)
    - React-Core/RCTVibrationHeaders (= 0.62.2)
    - ReactCommon/turbomodule/core (= 0.62.2)
  - ReactCommon/callinvoker (0.62.2):
    - DoubleConversion
    - Folly (= 2018.10.22.00)
    - glog
    - React-cxxreact (= 0.62.2)
  - ReactCommon/turbomodule/core (0.62.2):
    - DoubleConversion
    - Folly (= 2018.10.22.00)
    - glog
    - React-Core (= 0.62.2)
    - React-cxxreact (= 0.62.2)
    - React-jsi (= 0.62.2)
    - ReactCommon/callinvoker (= 0.62.2)
  - RNAWSCognito (4.3.1):
    - JKBigInteger2 (= 0.0.5)
    - React
  - RNCMaskedView (0.1.10):
    - React
  - RNGestureHandler (1.6.1):
    - React
  - RNScreens (2.8.0):
    - React
  - RNVectorIcons (6.6.0):
    - React
  - Yoga (1.14.0)
  - YogaKit (1.18.1):
    - Yoga (~> 1.14)

DEPENDENCIES:
  - appcenter-analytics (from `../node_modules/appcenter-analytics/ios`)
  - appcenter-core (from `../node_modules/appcenter/ios`)
  - appcenter-crashes (from `../node_modules/appcenter-crashes/ios`)
  - DoubleConversion (from `../node_modules/react-native/third-party-podspecs/DoubleConversion.podspec`)
  - FBLazyVector (from `../node_modules/react-native/Libraries/FBLazyVector`)
  - FBReactNativeSpec (from `../node_modules/react-native/Libraries/FBReactNativeSpec`)
  - Flipper (~> 0.33.1)
  - Flipper-DoubleConversion (= 1.1.7)
  - Flipper-Folly (~> 2.1)
  - Flipper-Glog (= 0.3.6)
  - Flipper-PeerTalk (~> 0.0.4)
  - Flipper-RSocket (~> 1.0)
  - FlipperKit (~> 0.33.1)
  - FlipperKit/Core (~> 0.33.1)
  - FlipperKit/CppBridge (~> 0.33.1)
  - FlipperKit/FBCxxFollyDynamicConvert (~> 0.33.1)
  - FlipperKit/FBDefines (~> 0.33.1)
  - FlipperKit/FKPortForwarding (~> 0.33.1)
  - FlipperKit/FlipperKitHighlightOverlay (~> 0.33.1)
  - FlipperKit/FlipperKitLayoutPlugin (~> 0.33.1)
  - FlipperKit/FlipperKitLayoutTextSearchable (~> 0.33.1)
  - FlipperKit/FlipperKitNetworkPlugin (~> 0.33.1)
  - FlipperKit/FlipperKitReactPlugin (~> 0.33.1)
  - FlipperKit/FlipperKitUserDefaultsPlugin (~> 0.33.1)
  - FlipperKit/SKIOSNetworkPlugin (~> 0.33.1)
  - Folly (from `../node_modules/react-native/third-party-podspecs/Folly.podspec`)
  - glog (from `../node_modules/react-native/third-party-podspecs/glog.podspec`)
  - RCTRequired (from `../node_modules/react-native/Libraries/RCTRequired`)
  - RCTTypeSafety (from `../node_modules/react-native/Libraries/TypeSafety`)
  - React (from `../node_modules/react-native/`)
  - React-Core (from `../node_modules/react-native/`)
  - React-Core/DevSupport (from `../node_modules/react-native/`)
  - React-Core/RCTWebSocket (from `../node_modules/react-native/`)
  - React-CoreModules (from `../node_modules/react-native/React/CoreModules`)
  - React-cxxreact (from `../node_modules/react-native/ReactCommon/cxxreact`)
  - React-jsi (from `../node_modules/react-native/ReactCommon/jsi`)
  - React-jsiexecutor (from `../node_modules/react-native/ReactCommon/jsiexecutor`)
  - React-jsinspector (from `../node_modules/react-native/ReactCommon/jsinspector`)
  - "react-native-mapbox-gl (from `../node_modules/@react-native-mapbox-gl/maps`)"
  - "react-native-netinfo (from `../node_modules/@react-native-community/netinfo`)"
  - react-native-safe-area-context (from `../node_modules/react-native-safe-area-context`)
  - React-RCTActionSheet (from `../node_modules/react-native/Libraries/ActionSheetIOS`)
  - React-RCTAnimation (from `../node_modules/react-native/Libraries/NativeAnimation`)
  - React-RCTBlob (from `../node_modules/react-native/Libraries/Blob`)
  - React-RCTImage (from `../node_modules/react-native/Libraries/Image`)
  - React-RCTLinking (from `../node_modules/react-native/Libraries/LinkingIOS`)
  - React-RCTNetwork (from `../node_modules/react-native/Libraries/Network`)
  - React-RCTSettings (from `../node_modules/react-native/Libraries/Settings`)
  - React-RCTText (from `../node_modules/react-native/Libraries/Text`)
  - React-RCTVibration (from `../node_modules/react-native/Libraries/Vibration`)
  - ReactCommon/callinvoker (from `../node_modules/react-native/ReactCommon`)
  - ReactCommon/turbomodule/core (from `../node_modules/react-native/ReactCommon`)
  - RNAWSCognito (from `../node_modules/amazon-cognito-identity-js`)
  - "RNCMaskedView (from `../node_modules/@react-native-community/masked-view`)"
  - RNGestureHandler (from `../node_modules/react-native-gesture-handler`)
  - RNScreens (from `../node_modules/react-native-screens`)
  - RNVectorIcons (from `../node_modules/react-native-vector-icons`)
  - Yoga (from `../node_modules/react-native/ReactCommon/yoga`)

SPEC REPOS:
  https://github.com/cocoapods/specs.git:
    - "@react-native-mapbox-gl-mapbox-static"
    - AppCenter
    - AppCenterReactNativeShared
    - boost-for-react-native
    - CocoaAsyncSocket
    - CocoaLibEvent
    - Flipper
    - Flipper-DoubleConversion
    - Flipper-Folly
    - Flipper-Glog
    - Flipper-PeerTalk
    - Flipper-RSocket
    - FlipperKit
    - JKBigInteger2
    - Mapbox-iOS-SDK
    - MapboxMobileEvents
    - OpenSSL-Universal
    - YogaKit

EXTERNAL SOURCES:
  appcenter-analytics:
    :path: "../node_modules/appcenter-analytics/ios"
  appcenter-core:
    :path: "../node_modules/appcenter/ios"
  appcenter-crashes:
    :path: "../node_modules/appcenter-crashes/ios"
  DoubleConversion:
    :podspec: "../node_modules/react-native/third-party-podspecs/DoubleConversion.podspec"
  FBLazyVector:
    :path: "../node_modules/react-native/Libraries/FBLazyVector"
  FBReactNativeSpec:
    :path: "../node_modules/react-native/Libraries/FBReactNativeSpec"
  Folly:
    :podspec: "../node_modules/react-native/third-party-podspecs/Folly.podspec"
  glog:
    :podspec: "../node_modules/react-native/third-party-podspecs/glog.podspec"
  RCTRequired:
    :path: "../node_modules/react-native/Libraries/RCTRequired"
  RCTTypeSafety:
    :path: "../node_modules/react-native/Libraries/TypeSafety"
  React:
    :path: "../node_modules/react-native/"
  React-Core:
    :path: "../node_modules/react-native/"
  React-CoreModules:
    :path: "../node_modules/react-native/React/CoreModules"
  React-cxxreact:
    :path: "../node_modules/react-native/ReactCommon/cxxreact"
  React-jsi:
    :path: "../node_modules/react-native/ReactCommon/jsi"
  React-jsiexecutor:
    :path: "../node_modules/react-native/ReactCommon/jsiexecutor"
  React-jsinspector:
    :path: "../node_modules/react-native/ReactCommon/jsinspector"
  react-native-mapbox-gl:
    :path: "../node_modules/@react-native-mapbox-gl/maps"
  react-native-netinfo:
    :path: "../node_modules/@react-native-community/netinfo"
  react-native-safe-area-context:
    :path: "../node_modules/react-native-safe-area-context"
  React-RCTActionSheet:
    :path: "../node_modules/react-native/Libraries/ActionSheetIOS"
  React-RCTAnimation:
    :path: "../node_modules/react-native/Libraries/NativeAnimation"
  React-RCTBlob:
    :path: "../node_modules/react-native/Libraries/Blob"
  React-RCTImage:
    :path: "../node_modules/react-native/Libraries/Image"
  React-RCTLinking:
    :path: "../node_modules/react-native/Libraries/LinkingIOS"
  React-RCTNetwork:
    :path: "../node_modules/react-native/Libraries/Network"
  React-RCTSettings:
    :path: "../node_modules/react-native/Libraries/Settings"
  React-RCTText:
    :path: "../node_modules/react-native/Libraries/Text"
  React-RCTVibration:
    :path: "../node_modules/react-native/Libraries/Vibration"
  ReactCommon:
    :path: "../node_modules/react-native/ReactCommon"
  RNAWSCognito:
    :path: "../node_modules/amazon-cognito-identity-js"
  RNCMaskedView:
    :path: "../node_modules/@react-native-community/masked-view"
  RNGestureHandler:
    :path: "../node_modules/react-native-gesture-handler"
  RNScreens:
    :path: "../node_modules/react-native-screens"
  RNVectorIcons:
    :path: "../node_modules/react-native-vector-icons"
  Yoga:
    :path: "../node_modules/react-native/ReactCommon/yoga"

SPEC CHECKSUMS:
  "@react-native-mapbox-gl-mapbox-static": e247172bc43f47757f47d6cec1b325b1ab3e9287
  AppCenter: ca66175050d538b157959382dd43f1ab96cdab84
  appcenter-analytics: 4fdc885acb8a3bfac835515a8b9610d054ba8b9f
  appcenter-core: 84a1c69361d10272bf08b2ff906c37f4e422b940
  appcenter-crashes: e9008710be7612c585c39f3dc2cf3894172dc6e2
  AppCenterReactNativeShared: d1218878427a69d4b76f73883256455ed20f12b3
  boost-for-react-native: 39c7adb57c4e60d6c5479dd8623128eb5b3f0f2c
  CocoaAsyncSocket: 694058e7c0ed05a9e217d1b3c7ded962f4180845
  CocoaLibEvent: 2fab71b8bd46dd33ddb959f7928ec5909f838e3f
  DoubleConversion: 5805e889d232975c086db112ece9ed034df7a0b2
  FBLazyVector: 4aab18c93cd9546e4bfed752b4084585eca8b245
  FBReactNativeSpec: 5465d51ccfeecb7faa12f9ae0024f2044ce4044e
  Flipper: 6c1f484f9a88d30ab3e272800d53688439e50f69
  Flipper-DoubleConversion: 38631e41ef4f9b12861c67d17cb5518d06badc41
  Flipper-Folly: c12092ea368353b58e992843a990a3225d4533c3
  Flipper-Glog: 1dfd6abf1e922806c52ceb8701a3599a79a200a6
  Flipper-PeerTalk: 116d8f857dc6ef55c7a5a75ea3ceaafe878aadc9
  Flipper-RSocket: 64e7431a55835eb953b0bf984ef3b90ae9fdddd7
  FlipperKit: 6dc9b8f4ef60d9e5ded7f0264db299c91f18832e
  Folly: 30e7936e1c45c08d884aa59369ed951a8e68cf51
  glog: 1f3da668190260b06b429bb211bfbee5cd790c28
  JKBigInteger2: e91672035c42328c48b7dd015b66812ddf40ca9b
  Mapbox-iOS-SDK: a5915700ec84bc1a7f8b3e746d474789e35b7956
  MapboxMobileEvents: 2bc0ca2eedb627b73cf403258dce2b2fa98074a6
  OpenSSL-Universal: 8b48cc0d10c1b2923617dfe5c178aa9ed2689355
  RCTRequired: cec6a34b3ac8a9915c37e7e4ad3aa74726ce4035
  RCTTypeSafety: 93006131180074cffa227a1075802c89a49dd4ce
  React: 29a8b1a02bd764fb7644ef04019270849b9a7ac3
  React-Core: b12bffb3f567fdf99510acb716ef1abd426e0e05
  React-CoreModules: 4a9b87bbe669d6c3173c0132c3328e3b000783d0
  React-cxxreact: e65f9c2ba0ac5be946f53548c1aaaee5873a8103
  React-jsi: b6dc94a6a12ff98e8877287a0b7620d365201161
  React-jsiexecutor: 1540d1c01bb493ae3124ed83351b1b6a155db7da
  React-jsinspector: 512e560d0e985d0e8c479a54a4e5c147a9c83493
  react-native-mapbox-gl: 77b87a1dd2d7b41b6b77018c0f3bed5f8ee55c81
  react-native-netinfo: 9b9929fcfa4aabe92f49a9fb3f25394cc8721e87
  react-native-safe-area-context: 7371751a75e1ca7211f17ea0730ffcb264e2f85c
  React-RCTActionSheet: f41ea8a811aac770e0cc6e0ad6b270c644ea8b7c
  React-RCTAnimation: 49ab98b1c1ff4445148b72a3d61554138565bad0
  React-RCTBlob: a332773f0ebc413a0ce85942a55b064471587a71
  React-RCTImage: e70be9b9c74fe4e42d0005f42cace7981c994ac3
  React-RCTLinking: c1b9739a88d56ecbec23b7f63650e44672ab2ad2
  React-RCTNetwork: 73138b6f45e5a2768ad93f3d57873c2a18d14b44
  React-RCTSettings: 6e3738a87e21b39a8cb08d627e68c44acf1e325a
  React-RCTText: fae545b10cfdb3d247c36c56f61a94cfd6dba41d
  React-RCTVibration: 4356114dbcba4ce66991096e51a66e61eda51256
  ReactCommon: ed4e11d27609d571e7eee8b65548efc191116eb3
  RNAWSCognito: cd5c8904204db774c630c49d222c3230f24ed77e
  RNCMaskedView: f5c7d14d6847b7b44853f7acb6284c1da30a3459
  RNGestureHandler: 8f09cd560f8d533eb36da5a6c5a843af9f056b38
  RNScreens: 62211832af51e0aebcf6e8c36bcf7dd65592f244
  RNVectorIcons: 0bb4def82230be1333ddaeee9fcba45f0b288ed4
  Yoga: 3ebccbdd559724312790e7742142d062476b698e
  YogaKit: f782866e155069a2cca2517aafea43200b01fd5a

PODFILE CHECKSUM: 5743e8bbb059eeb3b52a80bac6885001407159cb

COCOAPODS: 1.7.2
